<?xml version="1.0" encoding="UTF-8"?>
<CONFIG>
  <ProjectOptions>
    <Version Value="9"/>
    <PathDelim Value="\"/>
    <General>
      <Flags>
        <MainUnitHasCreateFormStatements Value="False"/>
        <MainUnitHasTitleStatement Value="False"/>
      </Flags>
      <MainUnit Value="0"/>
      <Title Value="extend"/>
      <UseAppBundle Value="False"/>
      <ResourceType Value="res"/>
    </General>
    <i18n>
      <EnableI18N LFM="False"/>
    </i18n>
    <VersionInfo>
      <StringTable ProductVersion=""/>
    </VersionInfo>
    <BuildModes Count="1" Active="Default">
      <Item1 Name="Default" Default="True"/>
    </BuildModes>
    <PublishOptions>
      <Version Value="2"/>
    </PublishOptions>
    <RunParams>
      <local>
        <FormatVersion Value="1"/>
      </local>
    </RunParams>
    <Units Count="4">
      <Unit0>
        <Filename Value="extend.lpr"/>
        <IsPartOfProject Value="True"/>
        <IsVisibleTab Value="True"/>
        <TopLine Value="2"/>
        <CursorPos X="49" Y="15"/>
        <UsageCount Value="22"/>
        <Loaded Value="True"/>
      </Unit0>
      <Unit1>
        <Filename Value="bridge.pas"/>
        <IsPartOfProject Value="True"/>
        <EditorIndex Value="1"/>
        <CursorPos X="16" Y="14"/>
        <UsageCount Value="22"/>
        <Loaded Value="True"/>
      </Unit1>
      <Unit2>
        <Filename Value="nga.pas"/>
        <IsPartOfProject Value="True"/>
        <EditorIndex Value="2"/>
        <CursorPos Y="15"/>
        <UsageCount Value="22"/>
        <Loaded Value="True"/>
      </Unit2>
      <Unit3>
        <Filename Value="nga.inc"/>
        <IsPartOfProject Value="True"/>
        <EditorIndex Value="3"/>
        <CursorPos Y="25"/>
        <UsageCount Value="22"/>
        <Loaded Value="True"/>
      </Unit3>
    </Units>
    <JumpHistory Count="23" HistoryIndex="22">
      <Position1>
        <Filename Value="extend.lpr"/>
        <Caret Line="14"/>
      </Position1>
      <Position2>
        <Filename Value="extend.lpr"/>
        <Caret Line="15" Column="3" TopLine="2"/>
      </Position2>
      <Position3>
        <Filename Value="extend.lpr"/>
        <Caret Line="19" Column="20" TopLine="6"/>
      </Position3>
      <Position4>
        <Filename Value="extend.lpr"/>
        <Caret Line="26" Column="23" TopLine="10"/>
      </Position4>
      <Position5>
        <Filename Value="extend.lpr"/>
        <Caret Line="33" Column="17" TopLine="18"/>
      </Position5>
      <Position6>
        <Filename Value="extend.lpr"/>
        <Caret Line="27" Column="52" TopLine="15"/>
      </Position6>
      <Position7>
        <Filename Value="extend.lpr"/>
        <Caret Line="64" Column="44" TopLine="47"/>
      </Position7>
      <Position8>
        <Filename Value="extend.lpr"/>
        <Caret Line="12" Column="21"/>
      </Position8>
      <Position9>
        <Filename Value="extend.lpr"/>
        <Caret Line="15" Column="27"/>
      </Position9>
      <Position10>
        <Filename Value="extend.lpr"/>
        <Caret Line="13" Column="53"/>
      </Position10>
      <Position11>
        <Filename Value="extend.lpr"/>
        <Caret Line="45" Column="18" TopLine="23"/>
      </Position11>
      <Position12>
        <Filename Value="bridge.pas"/>
        <Caret Line="227" TopLine="225"/>
      </Position12>
      <Position13>
        <Filename Value="bridge.pas"/>
        <Caret Line="7" Column="21"/>
      </Position13>
      <Position14>
        <Filename Value="bridge.pas"/>
        <Caret Line="14" Column="16"/>
      </Position14>
      <Position15>
        <Filename Value="bridge.pas"/>
        <Caret Line="47" Column="25" TopLine="25"/>
      </Position15>
      <Position16>
        <Filename Value="bridge.pas"/>
        <Caret Line="169" Column="8" TopLine="147"/>
      </Position16>
      <Position17>
        <Filename Value="bridge.pas"/>
        <Caret Line="170" Column="7" TopLine="148"/>
      </Position17>
      <Position18>
        <Filename Value="bridge.pas"/>
        <Caret Line="172" Column="7" TopLine="150"/>
      </Position18>
      <Position19>
        <Filename Value="extend.lpr"/>
        <Caret Line="7" Column="26"/>
      </Position19>
      <Position20>
        <Filename Value="extend.lpr"/>
        <Caret Line="15" Column="49"/>
      </Position20>
      <Position21>
        <Filename Value="extend.lpr"/>
        <Caret Line="17" Column="16"/>
      </Position21>
      <Position22>
        <Filename Value="extend.lpr"/>
        <Caret Line="68" Column="3" TopLine="46"/>
      </Position22>
      <Position23>
        <Filename Value="extend.lpr"/>
        <Caret Line="70" Column="3" TopLine="48"/>
      </Position23>
    </JumpHistory>
  </ProjectOptions>
  <CompilerOptions>
    <Version Value="11"/>
    <PathDelim Value="\"/>
    <Target>
      <Filename Value="extend"/>
    </Target>
    <SearchPaths>
      <IncludeFiles Value="$(ProjOutDir)"/>
      <OtherUnitFiles Value="lib\$(TargetCPU)-$(TargetOS)"/>
      <UnitOutputDirectory Value="lib\$(TargetCPU)-$(TargetOS)"/>
    </SearchPaths>
    <CodeGeneration>
      <Optimizations>
        <OptimizationLevel Value="2"/>
      </Optimizations>
    </CodeGeneration>
    <Linking>
      <Debugging>
        <GenerateDebugInfo Value="False"/>
      </Debugging>
    </Linking>
    <Other>
      <CompilerMessages>
        <IgnoredMessages idx5061="True" idx5028="True"/>
      </CompilerMessages>
    </Other>
  </CompilerOptions>
  <Debugging>
    <Exceptions Count="3">
      <Item1>
        <Name Value="EAbort"/>
      </Item1>
      <Item2>
        <Name Value="ECodetoolError"/>
      </Item2>
      <Item3>
        <Name Value="EFOpenError"/>
      </Item3>
    </Exceptions>
  </Debugging>
</CONFIG>
